PODS:
  - Ads-CN-Beta/BUAdLive (7.6.0.3)
  - Ads-CN-Beta/BUAdLive-Framework (7.6.0.3):
    - Ads-CN-Beta/BUAdLive
    - BUTTSDKFramework/LivePull-Lite (= 1.48.2.3-premium)
  - Ads-CN-Beta/BUAdSDK (7.6.0.3)
  - Ads-CN-Beta/CSJMediation (7.6.0.3):
    - Ads-CN-Beta/BUAdLive-Framework
    - Ads-CN-Beta/CSJMediation-Only
  - Ads-CN-Beta/CSJMediation-Only (7.6.0.3):
    - Ads-CN-Beta/BUAdSDK
  - BUTTSDKFramework/Core (1.48.2.3-premium)
  - BUTTSDKFramework/LiveBase (1.48.2.3-premium):
    - BUTTSDKFramework/Core
    - BUTTSDKFramework/Reachability
  - BUTTSDKFramework/LivePlayer/Base (1.48.2.3-premium):
    - BUTTSDKFramework/Core
    - BUTTSDKFramework/LiveBase
    - BUTTSDKFramework/LivePull-VolcLog
    - BUTTSDKFramework/Reachability
  - BUTTSDKFramework/LivePlayer/Lite (1.48.2.3-premium):
    - BUTTSDKFramework/LivePlayer/Base
    - BUTTSDKFramework/PlayerCore/LiveLite
  - BUTTSDKFramework/LivePull-Lite (1.48.2.3-premium):
    - BUTTSDKFramework/LivePlayer/Lite
    - BUTTSDKFramework/Strategy/Lite
  - BUTTSDKFramework/LivePull-VolcLog (1.48.2.3-premium):
    - BUTTSDKFramework/VolcLog
  - BUTTSDKFramework/PlayerCore/Base (1.48.2.3-premium):
    - BUTTSDKFramework/Core
  - BUTTSDKFramework/PlayerCore/LiveLite (1.48.2.3-premium):
    - BUTTSDKFramework/PlayerCore/Base
    - BUTTSDKFramework/TTFFmpeg/LiveLite
  - BUTTSDKFramework/Reachability (1.48.2.3-premium)
  - BUTTSDKFramework/Strategy/Core (1.48.2.3-premium):
    - BUTTSDKFramework/LiveBase
    - BUTTSDKFramework/Reachability
  - BUTTSDKFramework/Strategy/Lite (1.48.2.3-premium):
    - BUTTSDKFramework/LivePlayer/Lite
    - BUTTSDKFramework/Strategy/Core
  - BUTTSDKFramework/TTFFmpeg/LiveLite (1.48.2.3-premium)
  - BUTTSDKFramework/VolcLog (1.48.2.3-premium)
  - UMCommon (7.5.11):
    - UMDevice
  - UMDevice (3.6.0)

DEPENDENCIES:
  - Ads-CN-Beta/CSJMediation (= 7.6.0.3)
  - UMCommon

SPEC REPOS:
  trunk:
    - Ads-CN-Beta
    - BUTTSDKFramework
    - UMCommon
    - UMDevice

SPEC CHECKSUMS:
  Ads-CN-Beta: 870e3cb16f5fcd8c6ab3296210fc8c4b43e9d752
  BUTTSDKFramework: 34f8f8d541da07e79e9c479eb71336d1e4d90fdd
  UMCommon: d652b3b372a801b36db203f5b546ab3e15676898
  UMDevice: 20b7b3c37a36b2c5c7ca8b5a54386ff9ed2b3b19

PODFILE CHECKSUM: c9c62a0209bca84d5aae0ca9a200cf207f8bfab2

COCOAPODS: 1.16.2
